
Microsoft Visual Studio Solution File, Format Version 12.00
# Visual Studio 15
Project("{FAE04EC0-301F-11D3-BF4B-00C04F79EFBC}") = "GoogleIMAQs", "GoogleIMAQs.csproj", "{36B2D51D-CE87-4ED5-A114-D2813A994569}"
EndProject
Global
	GlobalSection(SolutionConfigurationPlatforms) = preSolution
		Debug|iPhoneSimulator = Debug|iPhoneSimulator
		Release|iPhone = Release|iPhone
		Release|iPhoneSimulator = Release|iPhoneSimulator
		Debug|iPhone = Debug|iPhone
	EndGlobalSection
	GlobalSection(ProjectConfigurationPlatforms) = postSolution
		{36B2D51D-CE87-4ED5-A114-D2813A994569}.Debug|iPhoneSimulator.ActiveCfg = Debug|iPhoneSimulator
		{36B2D51D-CE87-4ED5-A114-D2813A994569}.Debug|iPhoneSimulator.Build.0 = Debug|iPhoneSimulator
		{36B2D51D-CE87-4ED5-A114-D2813A994569}.Release|iPhone.ActiveCfg = Release|iPhone
		{36B2D51D-CE87-4ED5-A114-D2813A994569}.Release|iPhone.Build.0 = Release|iPhone
		{36B2D51D-CE87-4ED5-A114-D2813A994569}.Release|iPhoneSimulator.ActiveCfg = Release|iPhoneSimulator
		{36B2D51D-CE87-4ED5-A114-D2813A994569}.Release|iPhoneSimulator.Build.0 = Release|iPhoneSimulator
		{36B2D51D-CE87-4ED5-A114-D2813A994569}.Debug|iPhone.ActiveCfg = Debug|iPhone
		{36B2D51D-CE87-4ED5-A114-D2813A994569}.Debug|iPhone.Build.0 = Debug|iPhone
	EndGlobalSection
EndGlobal
